{
  "name": "Dev Toolguide",
  "version": "1.0.0",
  "lockfileVersion": 3,
  "requires": true,
  "packages": {
    "": {
      "name": "Dev Toolguide",
      "version": "1.0.0",
      "license": "AGPL-version-3.0",
      "dependencies": {
        "fastbootstrap": "^2.2.0"
      },
      "devDependencies": {
        "@types/chrome": "^0.0.271",
        "typescript": "^5.6.2"
      },
      "engines": {
        "node": ">= 14.0.0",
        "npm": ">= 6.0.0"
      }
    },
    "node_modules/@popperjs/core": {
      "version": "2.11.8",
      "resolved": "https://registry.npmjs.org/@popperjs/core/-/core-2.11.8.tgz",
      "integrity": "sha512-P1st0aksCrn9sGZhp8GMYwBnQsbvAWsZAX44oXNNvLHGqAOcoVxmjZiohstwQ7SqKnbR47akdNi+uleWD8+g6A==",
      "peer": true,
      "funding": {
        "type": "opencollective",
        "url": "https://opencollective.com/popperjs"
      }
    },
    "node_modules/@thednp/event-listener": {
      "version": "2.0.6",
      "resolved": "https://registry.npmjs.org/@thednp/event-listener/-/event-listener-2.0.6.tgz",
      "integrity": "sha512-6u55ydv4+2VHwHU8EJaJXa40QzZ7XOXVo74MMPnGCSzbl0q3yqHfQh8r0Sw/50rutHxecLVQBM/C9Fr0c+m+ew==",
      "engines": {
        "node": ">=16",
        "pnpm": ">=8.6.0"
      }
    },
    "node_modules/@thednp/shorty": {
      "version": "2.0.4",
      "resolved": "https://registry.npmjs.org/@thednp/shorty/-/shorty-2.0.4.tgz",
      "integrity": "sha512-7iMeqgiHOTjAWLcl/rbWHgquHnvfawT2gExdAa1TLjZMGcFjx00FZkg6CHuMjLh9ayBnlgabC4Dsx0DV+h9yqQ==",
      "engines": {
        "node": ">=16",
        "pnpm": ">=8.6.0"
      }
    },
    "node_modules/@types/chrome": {
      "version": "0.0.271",
      "resolved": "https://registry.npmjs.org/@types/chrome/-/chrome-0.0.271.tgz",
      "integrity": "sha512-K0qgXvkwA5ic+/eygF1xiypHEvCoBgH5lwrhg3yva2mqJuCWyYm0vpZQ22GksAxgGfo0PWev9Zx3plp2clMlwg==",
      "dev": true,
      "dependencies": {
        "@types/filesystem": "*",
        "@types/har-format": "*"
      }
    },
    "node_modules/@types/filesystem": {
      "version": "0.0.36",
      "resolved": "https://registry.npmjs.org/@types/filesystem/-/filesystem-0.0.36.tgz",
      "integrity": "sha512-vPDXOZuannb9FZdxgHnqSwAG/jvdGM8Wq+6N4D/d80z+D4HWH+bItqsZaVRQykAn6WEVeEkLm2oQigyHtgb0RA==",
      "dev": true,
      "dependencies": {
        "@types/filewriter": "*"
      }
    },
    "node_modules/@types/filewriter": {
      "version": "0.0.33",
      "resolved": "https://registry.npmjs.org/@types/filewriter/-/filewriter-0.0.33.tgz",
      "integrity": "sha512-xFU8ZXTw4gd358lb2jw25nxY9QAgqn2+bKKjKOYfNCzN4DKCFetK7sPtrlpg66Ywe3vWY9FNxprZawAh9wfJ3g==",
      "dev": true
    },
    "node_modules/@types/har-format": {
      "version": "1.2.16",
      "resolved": "https://registry.npmjs.org/@types/har-format/-/har-format-1.2.16.tgz",
      "integrity": "sha512-fluxdy7ryD3MV6h8pTfTYpy/xQzCFC7m89nOH9y94cNqJ1mDIDPut7MnRHI3F6qRmh/cT2fUjG1MLdCNb4hE9A==",
      "dev": true
    },
    "node_modules/bootstrap": {
      "version": "5.3.3",
      "resolved": "https://registry.npmjs.org/bootstrap/-/bootstrap-5.3.3.tgz",
      "integrity": "sha512-8HLCdWgyoMguSO9o+aH+iuZ+aht+mzW0u3HIMzVu7Srrpv7EBBxTnrFlSCskwdY1+EOFQSm7uMJhNQHkdPcmjg==",
      "funding": [
        {
          "type": "github",
          "url": "https://github.com/sponsors/twbs"
        },
        {
          "type": "opencollective",
          "url": "https://opencollective.com/bootstrap"
        }
      ],
      "peerDependencies": {
        "@popperjs/core": "^2.11.8"
      }
    },
    "node_modules/bootstrap.native": {
      "version": "5.0.13",
      "resolved": "https://registry.npmjs.org/bootstrap.native/-/bootstrap.native-5.0.13.tgz",
      "integrity": "sha512-SiiTxaK3LjuOjPaXEnDBQNY3w0t28Qdx6I8drortuFg6Ch3q6cWoOxlFHThcGOPewziVarQAA4WPE00GFQmbWQ==",
      "dependencies": {
        "@thednp/event-listener": "^2.0.4",
        "@thednp/shorty": "^2.0.0"
      },
      "engines": {
        "node": ">=16",
        "pnpm": ">=8.6.0"
      }
    },
    "node_modules/fastbootstrap": {
      "version": "2.2.0",
      "resolved": "https://registry.npmjs.org/fastbootstrap/-/fastbootstrap-2.2.0.tgz",
      "integrity": "sha512-31bJ6OaNntrUSZB4BVlO8mBJB45d7A0AxHchvdJQjp9CCK6qGx3c+byjcDqXgExXkG2miL+NW97Q6K7SWwwGWg==",
      "dependencies": {
        "bootstrap": "^5.3.2",
        "bootstrap.native": "^5.0.11"
      }
    },
    "node_modules/typescript": {
      "version": "5.6.2",
      "resolved": "https://registry.npmjs.org/typescript/-/typescript-5.6.2.tgz",
      "integrity": "sha512-NW8ByodCSNCwZeghjN3o+JX5OFH0Ojg6sadjEKY4huZ52TqbJTJnDo5+Tw98lSy63NZvi4n+ez5m2u5d4PkZyw==",
      "dev": true,
      "bin": {
        "tsc": "bin/tsc",
        "tsserver": "bin/tsserver"
      },
      "engines": {
        "node": ">=14.17"
      }
    }
  }
}
